
Microsoft Visual Studio Solution File, Format Version 12.00
# Visual Studio Version 17
VisualStudioVersion = 17.4.33205.214
MinimumVisualStudioVersion = 10.0.40219.1
Project("{9A19103F-16F7-4668-BE54-9A1E7A4F7556}") = "TesteUnitario", "TesteUnitario\TesteUnitario.csproj", "{72291F31-2550-4F85-9401-2F5F075FB3D1}"
EndProject
Project("{FAE04EC0-301F-11D3-BF4B-00C04F79EFBC}") = "CalculadoraTest", "CalculadoraTest\CalculadoraTest.csproj", "{10D783C3-E600-4638-935E-C2DF0AB7161D}"
EndProject
Global
	GlobalSection(SolutionConfigurationPlatforms) = preSolution
		Debug|Any CPU = Debug|Any CPU
		Release|Any CPU = Release|Any CPU
	EndGlobalSection
	GlobalSection(ProjectConfigurationPlatforms) = postSolution
		{72291F31-2550-4F85-9401-2F5F075FB3D1}.Debug|Any CPU.ActiveCfg = Debug|Any CPU
		{72291F31-2550-4F85-9401-2F5F075FB3D1}.Debug|Any CPU.Build.0 = Debug|Any CPU
		{72291F31-2550-4F85-9401-2F5F075FB3D1}.Release|Any CPU.ActiveCfg = Release|Any CPU
		{72291F31-2550-4F85-9401-2F5F075FB3D1}.Release|Any CPU.Build.0 = Release|Any CPU
		{10D783C3-E600-4638-935E-C2DF0AB7161D}.Debug|Any CPU.ActiveCfg = Debug|Any CPU
		{10D783C3-E600-4638-935E-C2DF0AB7161D}.Debug|Any CPU.Build.0 = Debug|Any CPU
		{10D783C3-E600-4638-935E-C2DF0AB7161D}.Release|Any CPU.ActiveCfg = Release|Any CPU
		{10D783C3-E600-4638-935E-C2DF0AB7161D}.Release|Any CPU.Build.0 = Release|Any CPU
	EndGlobalSection
	GlobalSection(SolutionProperties) = preSolution
		HideSolutionNode = FALSE
	EndGlobalSection
	GlobalSection(ExtensibilityGlobals) = postSolution
		SolutionGuid = {ACCCB249-C059-40C8-8F8D-138548D31AFC}
	EndGlobalSection
EndGlobal
